// !$*UTF8*$!
{
	archiveVersion = 1;
	classes = {
	};
	objectVersion = 50;
	objects = {

/* Begin PBXBuildFile section */
		182C6CFA20ABC4BB00D8AD5D /* AppDelegate.m in Sources */ = {isa = PBXBuildFile; fileRef = 182C6CF920ABC4BB00D8AD5D /* AppDelegate.m */; };
		182C6D0220ABC4BC00D8AD5D /* Assets.xcassets in Resources */ = {isa = PBXBuildFile; fileRef = 182C6D0120ABC4BC00D8AD5D /* Assets.xcassets */; };
		182C6D0520ABC4BC00D8AD5D /* LaunchScreen.storyboard in Resources */ = {isa = PBXBuildFile; fileRef = 182C6D0320ABC4BC00D8AD5D /* LaunchScreen.storyboard */; };
		182C6D0820ABC4BC00D8AD5D /* main.m in Sources */ = {isa = PBXBuildFile; fileRef = 182C6D0720ABC4BC00D8AD5D /* main.m */; };
		182C6D2F20AC542300D8AD5D /* AFindMap.m in Sources */ = {isa = PBXBuildFile; fileRef = 182C6D2220AC542200D8AD5D /* AFindMap.m */; };
		182C6D3020AC542300D8AD5D /* AStarViewModel.m in Sources */ = {isa = PBXBuildFile; fileRef = 182C6D2620AC542200D8AD5D /* AStarViewModel.m */; };
		182C6D3120AC542300D8AD5D /* DFS.m in Sources */ = {isa = PBXBuildFile; fileRef = 182C6D2820AC542200D8AD5D /* DFS.m */; };
		182C6D3220AC542300D8AD5D /* Dijkstra.m in Sources */ = {isa = PBXBuildFile; fileRef = 182C6D2A20AC542200D8AD5D /* Dijkstra.m */; };
		182C6D3320AC542300D8AD5D /* PathfindingViewController.m in Sources */ = {isa = PBXBuildFile; fileRef = 182C6D2B20AC542200D8AD5D /* PathfindingViewController.m */; };
		182C6D3420AC542300D8AD5D /* AStar.m in Sources */ = {isa = PBXBuildFile; fileRef = 182C6D2D20AC542200D8AD5D /* AStar.m */; };
		182C6D3520AC542300D8AD5D /* BFS.m in Sources */ = {isa = PBXBuildFile; fileRef = 182C6D2E20AC542200D8AD5D /* BFS.m */; };
		6DB0EA39C02FE39197F17AA1 /* Pods_AStarDemo.framework in Frameworks */ = {isa = PBXBuildFile; fileRef = 7912146A25A321B0CA2CA74C /* Pods_AStarDemo.framework */; };
/* End PBXBuildFile section */

/* Begin PBXFileReference section */
		03039108CD8FBC009949079F /* Pods-AStarDemo.release.xcconfig */ = {isa = PBXFileReference; includeInIndex = 1; lastKnownFileType = text.xcconfig; name = "Pods-AStarDemo.release.xcconfig"; path = "Pods/Target Support Files/Pods-AStarDemo/Pods-AStarDemo.release.xcconfig"; sourceTree = "<group>"; };
		182C6CF520ABC4BB00D8AD5D /* AStarDemo.app */ = {isa = PBXFileReference; explicitFileType = wrapper.application; includeInIndex = 0; path = AStarDemo.app; sourceTree = BUILT_PRODUCTS_DIR; };
		182C6CF820ABC4BB00D8AD5D /* AppDelegate.h */ = {isa = PBXFileReference; lastKnownFileType = sourcecode.c.h; path = AppDelegate.h; sourceTree = "<group>"; };
		182C6CF920ABC4BB00D8AD5D /* AppDelegate.m */ = {isa = PBXFileReference; lastKnownFileType = sourcecode.c.objc; path = AppDelegate.m; sourceTree = "<group>"; };
		182C6D0120ABC4BC00D8AD5D /* Assets.xcassets */ = {isa = PBXFileReference; lastKnownFileType = folder.assetcatalog; path = Assets.xcassets; sourceTree = "<group>"; };
		182C6D0420ABC4BC00D8AD5D /* Base */ = {isa = PBXFileReference; lastKnownFileType = file.storyboard; name = Base; path = Base.lproj/LaunchScreen.storyboard; sourceTree = "<group>"; };
		182C6D0620ABC4BC00D8AD5D /* Info.plist */ = {isa = PBXFileReference; lastKnownFileType = text.plist.xml; path = Info.plist; sourceTree = "<group>"; };
		182C6D0720ABC4BC00D8AD5D /* main.m */ = {isa = PBXFileReference; lastKnownFileType = sourcecode.c.objc; path = main.m; sourceTree = "<group>"; };
		182C6D2120AC542200D8AD5D /* Dijkstra.h */ = {isa = PBXFileReference; fileEncoding = 4; lastKnownFileType = sourcecode.c.h; path = Dijkstra.h; sourceTree = "<group>"; };
		182C6D2220AC542200D8AD5D /* AFindMap.m */ = {isa = PBXFileReference; fileEncoding = 4; lastKnownFileType = sourcecode.c.objc; path = AFindMap.m; sourceTree = "<group>"; };
		182C6D2320AC542200D8AD5D /* AStarViewModel.h */ = {isa = PBXFileReference; fileEncoding = 4; lastKnownFileType = sourcecode.c.h; path = AStarViewModel.h; sourceTree = "<group>"; };
		182C6D2420AC542200D8AD5D /* PathfindingViewController.h */ = {isa = PBXFileReference; fileEncoding = 4; lastKnownFileType = sourcecode.c.h; path = PathfindingViewController.h; sourceTree = "<group>"; };
		182C6D2520AC542200D8AD5D /* AStar.h */ = {isa = PBXFileReference; fileEncoding = 4; lastKnownFileType = sourcecode.c.h; path = AStar.h; sourceTree = "<group>"; };
		182C6D2620AC542200D8AD5D /* AStarViewModel.m */ = {isa = PBXFileReference; fileEncoding = 4; lastKnownFileType = sourcecode.c.objc; path = AStarViewModel.m; sourceTree = "<group>"; };
		182C6D2720AC542200D8AD5D /* AFindMap.h */ = {isa = PBXFileReference; fileEncoding = 4; lastKnownFileType = sourcecode.c.h; path = AFindMap.h; sourceTree = "<group>"; };
		182C6D2820AC542200D8AD5D /* DFS.m */ = {isa = PBXFileReference; fileEncoding = 4; lastKnownFileType = sourcecode.c.objc; path = DFS.m; sourceTree = "<group>"; };
		182C6D2920AC542200D8AD5D /* BFS.h */ = {isa = PBXFileReference; fileEncoding = 4; lastKnownFileType = sourcecode.c.h; path = BFS.h; sourceTree = "<group>"; };
		182C6D2A20AC542200D8AD5D /* Dijkstra.m */ = {isa = PBXFileReference; fileEncoding = 4; lastKnownFileType = sourcecode.c.objc; path = Dijkstra.m; sourceTree = "<group>"; };
		182C6D2B20AC542200D8AD5D /* PathfindingViewController.m */ = {isa = PBXFileReference; fileEncoding = 4; lastKnownFileType = sourcecode.c.objc; path = PathfindingViewController.m; sourceTree = "<group>"; };
		182C6D2C20AC542200D8AD5D /* DFS.h */ = {isa = PBXFileReference; fileEncoding = 4; lastKnownFileType = sourcecode.c.h; path = DFS.h; sourceTree = "<group>"; };
		182C6D2D20AC542200D8AD5D /* AStar.m */ = {isa = PBXFileReference; fileEncoding = 4; lastKnownFileType = sourcecode.c.objc; path = AStar.m; sourceTree = "<group>"; };
		182C6D2E20AC542200D8AD5D /* BFS.m */ = {isa = PBXFileReference; fileEncoding = 4; lastKnownFileType = sourcecode.c.objc; path = BFS.m; sourceTree = "<group>"; };
		7912146A25A321B0CA2CA74C /* Pods_AStarDemo.framework */ = {isa = PBXFileReference; explicitFileType = wrapper.framework; includeInIndex = 0; path = Pods_AStarDemo.framework; sourceTree = BUILT_PRODUCTS_DIR; };
		AF9BEC66492A6969B837FAD9 /* Pods-AStarDemo.debug.xcconfig */ = {isa = PBXFileReference; includeInIndex = 1; lastKnownFileType = text.xcconfig; name = "Pods-AStarDemo.debug.xcconfig"; path = "Pods/Target Support Files/Pods-AStarDemo/Pods-AStarDemo.debug.xcconfig"; sourceTree = "<group>"; };
/* End PBXFileReference section */

/* Begin PBXFrameworksBuildPhase section */
		182C6CF220ABC4BB00D8AD5D /* Frameworks */ = {
			isa = PBXFrameworksBuildPhase;
			buildActionMask = 2147483647;
			files = (
				6DB0EA39C02FE39197F17AA1 /* Pods_AStarDemo.framework in Frameworks */,
			);
			runOnlyForDeploymentPostprocessing = 0;
		};
/* End PBXFrameworksBuildPhase section */

/* Begin PBXGroup section */
		182C6CEC20ABC4BB00D8AD5D = {
			isa = PBXGroup;
			children = (
				182C6CF720ABC4BB00D8AD5D /* AStarDemo */,
				182C6CF620ABC4BB00D8AD5D /* Products */,
				8538DD14B958FCDB267FAA1C /* Pods */,
				7286CA9950E100BC6768E506 /* Frameworks */,
			);
			sourceTree = "<group>";
		};
		182C6CF620ABC4BB00D8AD5D /* Products */ = {
			isa = PBXGroup;
			children = (
				182C6CF520ABC4BB00D8AD5D /* AStarDemo.app */,
			);
			name = Products;
			sourceTree = "<group>";
		};
		182C6CF720ABC4BB00D8AD5D /* AStarDemo */ = {
			isa = PBXGroup;
			children = (
				182C6D3620AC542900D8AD5D /* Pathfinding */,
				182C6D2320AC542200D8AD5D /* AStarViewModel.h */,
				182C6D2620AC542200D8AD5D /* AStarViewModel.m */,
				182C6CF820ABC4BB00D8AD5D /* AppDelegate.h */,
				182C6CF920ABC4BB00D8AD5D /* AppDelegate.m */,
				182C6D0120ABC4BC00D8AD5D /* Assets.xcassets */,
				182C6D0320ABC4BC00D8AD5D /* LaunchScreen.storyboard */,
				182C6D0620ABC4BC00D8AD5D /* Info.plist */,
				182C6D0720ABC4BC00D8AD5D /* main.m */,
			);
			path = AStarDemo;
			sourceTree = "<group>";
		};
		182C6D3620AC542900D8AD5D /* Pathfinding */ = {
			isa = PBXGroup;
			children = (
				182C6D2420AC542200D8AD5D /* PathfindingViewController.h */,
				182C6D2B20AC542200D8AD5D /* PathfindingViewController.m */,
				182C6D2720AC542200D8AD5D /* AFindMap.h */,
				182C6D2220AC542200D8AD5D /* AFindMap.m */,
				182C6D2520AC542200D8AD5D /* AStar.h */,
				182C6D2D20AC542200D8AD5D /* AStar.m */,
				182C6D2920AC542200D8AD5D /* BFS.h */,
				182C6D2E20AC542200D8AD5D /* BFS.m */,
				182C6D2C20AC542200D8AD5D /* DFS.h */,
				182C6D2820AC542200D8AD5D /* DFS.m */,
				182C6D2120AC542200D8AD5D /* Dijkstra.h */,
				182C6D2A20AC542200D8AD5D /* Dijkstra.m */,
			);
			path = Pathfinding;
			sourceTree = "<group>";
		};
		7286CA9950E100BC6768E506 /* Frameworks */ = {
			isa = PBXGroup;
			children = (
				7912146A25A321B0CA2CA74C /* Pods_AStarDemo.framework */,
			);
			name = Frameworks;
			sourceTree = "<group>";
		};
		8538DD14B958FCDB267FAA1C /* Pods */ = {
			isa = PBXGroup;
			children = (
				AF9BEC66492A6969B837FAD9 /* Pods-AStarDemo.debug.xcconfig */,
				03039108CD8FBC009949079F /* Pods-AStarDemo.release.xcconfig */,
			);
			name = Pods;
			sourceTree = "<group>";
		};
/* End PBXGroup section */

/* Begin PBXNativeTarget section */
		182C6CF420ABC4BB00D8AD5D /* AStarDemo */ = {
			isa = PBXNativeTarget;
			buildConfigurationList = 182C6D0B20ABC4BC00D8AD5D /* Build configuration list for PBXNativeTarget "AStarDemo" */;
			buildPhases = (
				BE6749E8818FCE6896BA0107 /* [CP] Check Pods Manifest.lock */,
				182C6CF120ABC4BB00D8AD5D /* Sources */,
				182C6CF220ABC4BB00D8AD5D /* Frameworks */,
				182C6CF320ABC4BB00D8AD5D /* Resources */,
				0BFBF76457266DA1C177741B /* [CP] Embed Pods Frameworks */,
			);
			buildRules = (
			);
			dependencies = (
			);
			name = AStarDemo;
			productName = AStarDemo;
			productReference = 182C6CF520ABC4BB00D8AD5D /* AStarDemo.app */;
			productType = "com.apple.product-type.application";
		};
/* End PBXNativeTarget section */

/* Begin PBXProject section */
		182C6CED20ABC4BB00D8AD5D /* Project object */ = {
			isa = PBXProject;
			attributes = {
				LastUpgradeCheck = 0930;
				ORGANIZATIONNAME = ian.Devs;
				TargetAttributes = {
					182C6CF420ABC4BB00D8AD5D = {
						CreatedOnToolsVersion = 9.3;
					};
				};
			};
			buildConfigurationList = 182C6CF020ABC4BB00D8AD5D /* Build configuration list for PBXProject "AStarDemo" */;
			compatibilityVersion = "Xcode 9.3";
			developmentRegion = en;
			hasScannedForEncodings = 0;
			knownRegions = (
				en,
				Base,
			);
			mainGroup = 182C6CEC20ABC4BB00D8AD5D;
			productRefGroup = 182C6CF620ABC4BB00D8AD5D /* Products */;
			projectDirPath = "";
			projectRoot = "";
			targets = (
				182C6CF420ABC4BB00D8AD5D /* AStarDemo */,
			);
		};
/* End PBXProject section */

/* Begin PBXResourcesBuildPhase section */
		182C6CF320ABC4BB00D8AD5D /* Resources */ = {
			isa = PBXResourcesBuildPhase;
			buildActionMask = 2147483647;
			files = (
				182C6D0520ABC4BC00D8AD5D /* LaunchScreen.storyboard in Resources */,
				182C6D0220ABC4BC00D8AD5D /* Assets.xcassets in Resources */,
			);
			runOnlyForDeploymentPostprocessing = 0;
		};
/* End PBXResourcesBuildPhase section */

/* Begin PBXShellScriptBuildPhase section */
		0BFBF76457266DA1C177741B /* [CP] Embed Pods Frameworks */ = {
			isa = PBXShellScriptBuildPhase;
			buildActionMask = 2147483647;
			files = (
			);
			inputPaths = (
				"${SRCROOT}/Pods/Target Support Files/Pods-AStarDemo/Pods-AStarDemo-frameworks.sh",
				"${BUILT_PRODUCTS_DIR}/Masonry/Masonry.framework",
			);
			name = "[CP] Embed Pods Frameworks";
			outputPaths = (
				"${TARGET_BUILD_DIR}/${FRAMEWORKS_FOLDER_PATH}/Masonry.framework",
			);
			runOnlyForDeploymentPostprocessing = 0;
			shellPath = /bin/sh;
			shellScript = "\"${SRCROOT}/Pods/Target Support Files/Pods-AStarDemo/Pods-AStarDemo-frameworks.sh\"\n";
			showEnvVarsInLog = 0;
		};
		BE6749E8818FCE6896BA0107 /* [CP] Check Pods Manifest.lock */ = {
			isa = PBXShellScriptBuildPhase;
			buildActionMask = 2147483647;
			files = (
			);
			inputPaths = (
				"${PODS_PODFILE_DIR_PATH}/Podfile.lock",
				"${PODS_ROOT}/Manifest.lock",
			);
			name = "[CP] Check Pods Manifest.lock";
			outputPaths = (
				"$(DERIVED_FILE_DIR)/Pods-AStarDemo-checkManifestLockResult.txt",
			);
			runOnlyForDeploymentPostprocessing = 0;
			shellPath = /bin/sh;
			shellScript = "diff \"${PODS_PODFILE_DIR_PATH}/Podfile.lock\" \"${PODS_ROOT}/Manifest.lock\" > /dev/null\nif [ $? != 0 ] ; then\n    # print error to STDERR\n    echo \"error: The sandbox is not in sync with the Podfile.lock. Run 'pod install' or update your CocoaPods installation.\" >&2\n    exit 1\nfi\n# This output is used by Xcode 'outputs' to avoid re-running this script phase.\necho \"SUCCESS\" > \"${SCRIPT_OUTPUT_FILE_0}\"\n";
			showEnvVarsInLog = 0;
		};
/* End PBXShellScriptBuildPhase section */

/* Begin PBXSourcesBuildPhase section */
		182C6CF120ABC4BB00D8AD5D /* Sources */ = {
			isa = PBXSourcesBuildPhase;
			buildActionMask = 2147483647;
			files = (
				182C6D3320AC542300D8AD5D /* PathfindingViewController.m in Sources */,
				182C6D2F20AC542300D8AD5D /* AFindMap.m in Sources */,
				182C6D3420AC542300D8AD5D /* AStar.m in Sources */,
				182C6D3220AC542300D8AD5D /* Dijkstra.m in Sources */,
				182C6D3020AC542300D8AD5D /* AStarViewModel.m in Sources */,
				182C6D3120AC542300D8AD5D /* DFS.m in Sources */,
				182C6D3520AC542300D8AD5D /* BFS.m in Sources */,
				182C6D0820ABC4BC00D8AD5D /* main.m in Sources */,
				182C6CFA20ABC4BB00D8AD5D /* AppDelegate.m in Sources */,
			);
			runOnlyForDeploymentPostprocessing = 0;
		};
/* End PBXSourcesBuildPhase section */

/* Begin PBXVariantGroup section */
		182C6D0320ABC4BC00D8AD5D /* LaunchScreen.storyboard */ = {
			isa = PBXVariantGroup;
			children = (
				182C6D0420ABC4BC00D8AD5D /* Base */,
			);
			name = LaunchScreen.storyboard;
			sourceTree = "<group>";
		};
/* End PBXVariantGroup section */

/* Begin XCBuildConfiguration section */
		182C6D0920ABC4BC00D8AD5D /* Debug */ = {
			isa = XCBuildConfiguration;
			buildSettings = {
				ALWAYS_SEARCH_USER_PATHS = NO;
				CLANG_ANALYZER_NONNULL = YES;
				CLANG_ANALYZER_NUMBER_OBJECT_CONVERSION = YES_AGGRESSIVE;
				CLANG_CXX_LANGUAGE_STANDARD = "gnu++14";
				CLANG_CXX_LIBRARY = "libc++";
				CLANG_ENABLE_MODULES = YES;
				CLANG_ENABLE_OBJC_ARC = YES;
				CLANG_ENABLE_OBJC_WEAK = YES;
				CLANG_WARN_BLOCK_CAPTURE_AUTORELEASING = YES;
				CLANG_WARN_BOOL_CONVERSION = YES;
				CLANG_WARN_COMMA = YES;
				CLANG_WARN_CONSTANT_CONVERSION = YES;
				CLANG_WARN_DEPRECATED_OBJC_IMPLEMENTATIONS = YES;
				CLANG_WARN_DIRECT_OBJC_ISA_USAGE = YES_ERROR;
				CLANG_WARN_DOCUMENTATION_COMMENTS = YES;
				CLANG_WARN_EMPTY_BODY = YES;
				CLANG_WARN_ENUM_CONVERSION = YES;
				CLANG_WARN_INFINITE_RECURSION = YES;
				CLANG_WARN_INT_CONVERSION = YES;
				CLANG_WARN_NON_LITERAL_NULL_CONVERSION = YES;
				CLANG_WARN_OBJC_IMPLICIT_RETAIN_SELF = YES;
				CLANG_WARN_OBJC_LITERAL_CONVERSION = YES;
				CLANG_WARN_OBJC_ROOT_CLASS = YES_ERROR;
				CLANG_WARN_RANGE_LOOP_ANALYSIS = YES;
				CLANG_WARN_STRICT_PROTOTYPES = YES;
				CLANG_WARN_SUSPICIOUS_MOVE = YES;
				CLANG_WARN_UNGUARDED_AVAILABILITY = YES_AGGRESSIVE;
				CLANG_WARN_UNREACHABLE_CODE = YES;
				CLANG_WARN__DUPLICATE_METHOD_MATCH = YES;
				CODE_SIGN_IDENTITY = "iPhone Developer";
				COPY_PHASE_STRIP = NO;
				DEBUG_INFORMATION_FORMAT = dwarf;
				ENABLE_STRICT_OBJC_MSGSEND = YES;
				ENABLE_TESTABILITY = YES;
				GCC_C_LANGUAGE_STANDARD = gnu11;
				GCC_DYNAMIC_NO_PIC = NO;
				GCC_NO_COMMON_BLOCKS = YES;
				GCC_OPTIMIZATION_LEVEL = 0;
				GCC_PREPROCESSOR_DEFINITIONS = (
					"DEBUG=1",
					"$(inherited)",
				);
				GCC_WARN_64_TO_32_BIT_CONVERSION = YES;
				GCC_WARN_ABOUT_RETURN_TYPE = YES_ERROR;
				GCC_WARN_UNDECLARED_SELECTOR = YES;
				GCC_WARN_UNINITIALIZED_AUTOS = YES_AGGRESSIVE;
				GCC_WARN_UNUSED_FUNCTION = YES;
				GCC_WARN_UNUSED_VARIABLE = YES;
				IPHONEOS_DEPLOYMENT_TARGET = 11.3;
				MTL_ENABLE_DEBUG_INFO = YES;
				ONLY_ACTIVE_ARCH = YES;
				SDKROOT = iphoneos;
			};
			name = Debug;
		};
		182C6D0A20ABC4BC00D8AD5D /* Release */ = {
			isa = XCBuildConfiguration;
			buildSettings = {
				ALWAYS_SEARCH_USER_PATHS = NO;
				CLANG_ANALYZER_NONNULL = YES;
				CLANG_ANALYZER_NUMBER_OBJECT_CONVERSION = YES_AGGRESSIVE;
				CLANG_CXX_LANGUAGE_STANDARD = "gnu++14";
				CLANG_CXX_LIBRARY = "libc++";
				CLANG_ENABLE_MODULES = YES;
				CLANG_ENABLE_OBJC_ARC = YES;
				CLANG_ENABLE_OBJC_WEAK = YES;
				CLANG_WARN_BLOCK_CAPTURE_AUTORELEASING = YES;
				CLANG_WARN_BOOL_CONVERSION = YES;
				CLANG_WARN_COMMA = YES;
				CLANG_WARN_CONSTANT_CONVERSION = YES;
				CLANG_WARN_DEPRECATED_OBJC_IMPLEMENTATIONS = YES;
				CLANG_WARN_DIRECT_OBJC_ISA_USAGE = YES_ERROR;
				CLANG_WARN_DOCUMENTATION_COMMENTS = YES;
				CLANG_WARN_EMPTY_BODY = YES;
				CLANG_WARN_ENUM_CONVERSION = YES;
				CLANG_WARN_INFINITE_RECURSION = YES;
				CLANG_WARN_INT_CONVERSION = YES;
				CLANG_WARN_NON_LITERAL_NULL_CONVERSION = YES;
				CLANG_WARN_OBJC_IMPLICIT_RETAIN_SELF = YES;
				CLANG_WARN_OBJC_LITERAL_CONVERSION = YES;
				CLANG_WARN_OBJC_ROOT_CLASS = YES_ERROR;
				CLANG_WARN_RANGE_LOOP_ANALYSIS = YES;
				CLANG_WARN_STRICT_PROTOTYPES = YES;
				CLANG_WARN_SUSPICIOUS_MOVE = YES;
				CLANG_WARN_UNGUARDED_AVAILABILITY = YES_AGGRESSIVE;
				CLANG_WARN_UNREACHABLE_CODE = YES;
				CLANG_WARN__DUPLICATE_METHOD_MATCH = YES;
				CODE_SIGN_IDENTITY = "iPhone Developer";
				COPY_PHASE_STRIP = NO;
				DEBUG_INFORMATION_FORMAT = "dwarf-with-dsym";
				ENABLE_NS_ASSERTIONS = NO;
				ENABLE_STRICT_OBJC_MSGSEND = YES;
				GCC_C_LANGUAGE_STANDARD = gnu11;
				GCC_NO_COMMON_BLOCKS = YES;
				GCC_WARN_64_TO_32_BIT_CONVERSION = YES;
				GCC_WARN_ABOUT_RETURN_TYPE = YES_ERROR;
				GCC_WARN_UNDECLARED_SELECTOR = YES;
				GCC_WARN_UNINITIALIZED_AUTOS = YES_AGGRESSIVE;
				GCC_WARN_UNUSED_FUNCTION = YES;
				GCC_WARN_UNUSED_VARIABLE = YES;
				IPHONEOS_DEPLOYMENT_TARGET = 11.3;
				MTL_ENABLE_DEBUG_INFO = NO;
				SDKROOT = iphoneos;
				VALIDATE_PRODUCT = YES;
			};
			name = Release;
		};
		182C6D0C20ABC4BC00D8AD5D /* Debug */ = {
			isa = XCBuildConfiguration;
			baseConfigurationReference = AF9BEC66492A6969B837FAD9 /* Pods-AStarDemo.debug.xcconfig */;
			buildSettings = {
				ASSETCATALOG_COMPILER_APPICON_NAME = AppIcon;
				CODE_SIGN_STYLE = Automatic;
				INFOPLIST_FILE = AStarDemo/Info.plist;
				LD_RUNPATH_SEARCH_PATHS = (
					"$(inherited)",
					"@executable_path/Frameworks",
				);
				PRODUCT_BUNDLE_IDENTIFIER = ian.Devs.AStarDemo;
				PRODUCT_NAME = "$(TARGET_NAME)";
				TARGETED_DEVICE_FAMILY = "1,2";
			};
			name = Debug;
		};
		182C6D0D20ABC4BC00D8AD5D /* Release */ = {
			isa = XCBuildConfiguration;
			baseConfigurationReference = 03039108CD8FBC009949079F /* Pods-AStarDemo.release.xcconfig */;
			buildSettings = {
				ASSETCATALOG_COMPILER_APPICON_NAME = AppIcon;
				CODE_SIGN_STYLE = Automatic;
				INFOPLIST_FILE = AStarDemo/Info.plist;
				LD_RUNPATH_SEARCH_PATHS = (
					"$(inherited)",
					"@executable_path/Frameworks",
				);
				PRODUCT_BUNDLE_IDENTIFIER = ian.Devs.AStarDemo;
				PRODUCT_NAME = "$(TARGET_NAME)";
				TARGETED_DEVICE_FAMILY = "1,2";
			};
			name = Release;
		};
/* End XCBuildConfiguration section */

/* Begin XCConfigurationList section */
		182C6CF020ABC4BB00D8AD5D /* Build configuration list for PBXProject "AStarDemo" */ = {
			isa = XCConfigurationList;
			buildConfigurations = (
				182C6D0920ABC4BC00D8AD5D /* Debug */,
				182C6D0A20ABC4BC00D8AD5D /* Release */,
			);
			defaultConfigurationIsVisible = 0;
			defaultConfigurationName = Release;
		};
		182C6D0B20ABC4BC00D8AD5D /* Build configuration list for PBXNativeTarget "AStarDemo" */ = {
			isa = XCConfigurationList;
			buildConfigurations = (
				182C6D0C20ABC4BC00D8AD5D /* Debug */,
				182C6D0D20ABC4BC00D8AD5D /* Release */,
			);
			defaultConfigurationIsVisible = 0;
			defaultConfigurationName = Release;
		};
/* End XCConfigurationList section */
	};
	rootObject = 182C6CED20ABC4BB00D8AD5D /* Project object */;
}
